
Microsoft Visual Studio Solution File, Format Version 12.00
# Visual Studio Version 17
VisualStudioVersion = 17.10.34814.14
MinimumVisualStudioVersion = 10.0.40219.1
Project("{FAE04EC0-301F-11D3-BF4B-00C04F79EFBC}") = "LearnLink", "LearnLink\LearnLink.csproj", "{61248A00-EA0A-4E85-8B1E-A2345CE96521}"
EndProject
Global
	GlobalSection(SolutionConfigurationPlatforms) = preSolution
		Debug|Any CPU = Debug|Any CPU
		Release|Any CPU = Release|Any CPU
	EndGlobalSection
	GlobalSection(ProjectConfigurationPlatforms) = postSolution
		{61248A00-EA0A-4E85-8B1E-A2345CE96521}.Debug|Any CPU.ActiveCfg = Debug|Any CPU
		{61248A00-EA0A-4E85-8B1E-A2345CE96521}.Debug|Any CPU.Build.0 = Debug|Any CPU
		{61248A00-EA0A-4E85-8B1E-A2345CE96521}.Release|Any CPU.ActiveCfg = Release|Any CPU
		{61248A00-EA0A-4E85-8B1E-A2345CE96521}.Release|Any CPU.Build.0 = Release|Any CPU
	EndGlobalSection
	GlobalSection(SolutionProperties) = preSolution
		HideSolutionNode = FALSE
	EndGlobalSection
	GlobalSection(ExtensibilityGlobals) = postSolution
		SolutionGuid = {01F7BA82-B213-4A47-B2DD-A14B161D589F}
	EndGlobalSection
EndGlobal
